
Microsoft Visual Studio Solution File, Format Version 12.00
# Visual Studio 15
VisualStudioVersion = 15.0.28010.2046
MinimumVisualStudioVersion = 10.0.40219.1
Project("{FAE04EC0-301F-11D3-BF4B-00C04F79EFBC}") = "Phoneword", "Phoneword\Phoneword.csproj", "{524D0886-13B6-4597-90BE-554B1039D72B}"
EndProject
Global
	GlobalSection(SolutionConfigurationPlatforms) = preSolution
		Debug|Any CPU = Debug|Any CPU
		Release|Any CPU = Release|Any CPU
	EndGlobalSection
	GlobalSection(ProjectConfigurationPlatforms) = postSolution
		{524D0886-13B6-4597-90BE-554B1039D72B}.Debug|Any CPU.ActiveCfg = Debug|Any CPU
		{524D0886-13B6-4597-90BE-554B1039D72B}.Debug|Any CPU.Build.0 = Debug|Any CPU
		{524D0886-13B6-4597-90BE-554B1039D72B}.Debug|Any CPU.Deploy.0 = Debug|Any CPU
		{524D0886-13B6-4597-90BE-554B1039D72B}.Release|Any CPU.ActiveCfg = Release|Any CPU
		{524D0886-13B6-4597-90BE-554B1039D72B}.Release|Any CPU.Build.0 = Release|Any CPU
		{524D0886-13B6-4597-90BE-554B1039D72B}.Release|Any CPU.Deploy.0 = Release|Any CPU
	EndGlobalSection
	GlobalSection(SolutionProperties) = preSolution
		HideSolutionNode = FALSE
	EndGlobalSection
	GlobalSection(ExtensibilityGlobals) = postSolution
		SolutionGuid = {915BE44C-A884-450A-B23E-4448E7B01CBE}
	EndGlobalSection
EndGlobal
